<Solution>
  <Project Path="Unity.Timeline.csproj" />
  <Project Path="Unity.VisualScripting.Flow.csproj" />
  <Project Path="Gdal for Unity.csproj" />
  <Project Path="Unity.Timeline.Editor.csproj" />
  <Project Path="Unity.Mathematics.csproj" />
  <Project Path="Unity.Multiplayer.Center.Editor.csproj" />
  <Project Path="Unity.VisualScripting.Core.Editor.csproj" />
  <Project Path="Unity.Collections.csproj" />
  <Project Path="UnityEngine.UI.csproj" />
  <Project Path="UnityEditor.TestRunner.csproj" />
  <Project Path="Unity.PerformanceTesting.Editor.csproj" />
  <Project Path="UnityEngine.TestRunner.csproj" />
  <Project Path="Unity.VisualScripting.Core.csproj" />
  <Project Path="Unity.VisualScripting.Flow.Editor.csproj" />
  <Project Path="Unity.Burst.csproj" />
  <Project Path="geometry3Sharp.csproj" />
  <Project Path="Unity.VisualStudio.Editor.csproj" />
  <Project Path="Unity.TextMeshPro.Editor.csproj" />
  <Project Path="Unity.TestTools.CodeCoverage.Editor.OpenCover.Model.csproj" />
  <Project Path="Unity.Rider.Editor.csproj" />
  <Project Path="Unity.VisualScripting.State.Editor.csproj" />
  <Project Path="Unity.TestTools.CodeCoverage.Editor.csproj" />
  <Project Path="Unity.Burst.CodeGen.csproj" />
  <Project Path="Unity.PerformanceTesting.csproj" />
  <Project Path="Unity.VisualScripting.State.csproj" />
  <Project Path="Unity.Performance.Profile-Analyzer.Editor.csproj" />
  <Project Path="UnityEditor.UI.csproj" />
  <Project Path="Unity.TextMeshPro.csproj" />
  <Project Path="Unity.VisualScripting.SettingsProvider.Editor.csproj" />
  <Project Path="Unity.Toolchain.Linux-x86_64.csproj" />
  <Project Path="Unity.Burst.Editor.csproj" />
  <Project Path="Unity.TestTools.CodeCoverage.Editor.OpenCover.Mono.Reflection.csproj" />
  <Project Path="Unity.Sysroot.Linux_x86_64.csproj" />
  <Project Path="Pdal for Unity.csproj" />
  <Project Path="Unity.Settings.Editor.csproj" />
  <Project Path="CondaExt.csproj" />
  <Project Path="Unity.Multiplayer.Center.Common.csproj" />
  <Project Path="Unity.Collections.CodeGen.csproj" />
  <Project Path="Unity.Mathematics.Editor.csproj" />
  <Project Path="Unity.Toolchain.Macos-x86_64-Linux-x86_64.csproj" />
  <Project Path="Unity.SysrootPackage.Editor.csproj" />
  <Project Path="Unity.Toolchain.Macos-arm64-Linux-x86_64.csproj" />
  <Project Path="Unity.VisualScripting.Shared.Editor.csproj" />
  <Project Path="Unity.EditorCoroutines.Editor.csproj" />
  <Project Path="andywiecko.BurstTriangulator.csproj" />
  <Project Path="gdal-Unity.Editor.csproj" />
  <Project Path="pdal-wrap.Editor.csproj" />
  <Project Path="Mdal For Unity.csproj" />
  <Project Path="Unity.Collections.Editor.csproj" />
  <Project Path="mdal-wrap.Editor.csproj" />
  <Project Path="Assembly-CSharp.csproj" />
</Solution>
